
Microsoft Visual Studio Solution File, Format Version 12.00
# Visual Studio Version 16
VisualStudioVersion = 16.0.31702.278
MinimumVisualStudioVersion = 10.0.40219.1
Project("{FAE04EC0-301F-11D3-BF4B-00C04F79EFBC}") = "BIGDATAUIT", "BIGDATAUIT.csproj", "{DE3EE3A6-2644-4044-B006-FFB04B104A7C}"
EndProject
Global
	GlobalSection(SolutionConfigurationPlatforms) = preSolution
		Debug|Any CPU = Debug|Any CPU
		Release|Any CPU = Release|Any CPU
	EndGlobalSection
	GlobalSection(ProjectConfigurationPlatforms) = postSolution
		{DE3EE3A6-2644-4044-B006-FFB04B104A7C}.Debug|Any CPU.ActiveCfg = Debug|Any CPU
		{DE3EE3A6-2644-4044-B006-FFB04B104A7C}.Debug|Any CPU.Build.0 = Debug|Any CPU
		{DE3EE3A6-2644-4044-B006-FFB04B104A7C}.Release|Any CPU.ActiveCfg = Release|Any CPU
		{DE3EE3A6-2644-4044-B006-FFB04B104A7C}.Release|Any CPU.Build.0 = Release|Any CPU
	EndGlobalSection
	GlobalSection(SolutionProperties) = preSolution
		HideSolutionNode = FALSE
	EndGlobalSection
	GlobalSection(ExtensibilityGlobals) = postSolution
		SolutionGuid = {6CE13021-EC38-4FD6-915C-20FE8C764468}
	EndGlobalSection
EndGlobal
